
Microsoft Visual Studio Solution File, Format Version 12.00
# Visual Studio Version 17
VisualStudioVersion = 17.8.34330.188
MinimumVisualStudioVersion = 10.0.40219.1
Project("{778DAE3C-4631-46EA-AA77-85C1314464D9}") = "Fetch_data", "Fetch_data\Fetch_data.vbproj", "{8D814198-54DA-482E-A7E1-30EB44EE03A8}"
EndProject
Global
	GlobalSection(SolutionConfigurationPlatforms) = preSolution
		Debug|Any CPU = Debug|Any CPU
		Release|Any CPU = Release|Any CPU
	EndGlobalSection
	GlobalSection(ProjectConfigurationPlatforms) = postSolution
		{8D814198-54DA-482E-A7E1-30EB44EE03A8}.Debug|Any CPU.ActiveCfg = Release|Any CPU
		{8D814198-54DA-482E-A7E1-30EB44EE03A8}.Debug|Any CPU.Build.0 = Release|Any CPU
		{8D814198-54DA-482E-A7E1-30EB44EE03A8}.Release|Any CPU.ActiveCfg = Release|Any CPU
		{8D814198-54DA-482E-A7E1-30EB44EE03A8}.Release|Any CPU.Build.0 = Release|Any CPU
	EndGlobalSection
	GlobalSection(SolutionProperties) = preSolution
		HideSolutionNode = FALSE
	EndGlobalSection
	GlobalSection(ExtensibilityGlobals) = postSolution
		SolutionGuid = {D7F3FED0-321B-4083-A87E-B0C833003803}
	EndGlobalSection
EndGlobal
