
Microsoft Visual Studio Solution File, Format Version 12.00
# Visual Studio Version 17
VisualStudioVersion = 17.7.34031.279
MinimumVisualStudioVersion = 10.0.40219.1
Project("{F184B08F-C81C-45F6-A57F-5ABD9991F28F}") = "interface", "interface\interface.vbproj", "{F834B82C-12B9-4E5B-B93E-59A7BD9C5258}"
EndProject
Global
	GlobalSection(SolutionConfigurationPlatforms) = preSolution
		Debug|Any CPU = Debug|Any CPU
		Release|Any CPU = Release|Any CPU
	EndGlobalSection
	GlobalSection(ProjectConfigurationPlatforms) = postSolution
		{F834B82C-12B9-4E5B-B93E-59A7BD9C5258}.Debug|Any CPU.ActiveCfg = Debug|Any CPU
		{F834B82C-12B9-4E5B-B93E-59A7BD9C5258}.Debug|Any CPU.Build.0 = Debug|Any CPU
		{F834B82C-12B9-4E5B-B93E-59A7BD9C5258}.Release|Any CPU.ActiveCfg = Release|Any CPU
		{F834B82C-12B9-4E5B-B93E-59A7BD9C5258}.Release|Any CPU.Build.0 = Release|Any CPU
	EndGlobalSection
	GlobalSection(SolutionProperties) = preSolution
		HideSolutionNode = FALSE
	EndGlobalSection
	GlobalSection(ExtensibilityGlobals) = postSolution
		SolutionGuid = {43E8EA2A-EAE7-4502-BB2B-B6234992F4DA}
	EndGlobalSection
EndGlobal
